
Microsoft Visual Studio Solution File, Format Version 12.00
# Visual Studio Version 16
VisualStudioVersion = 16.0.30011.22
MinimumVisualStudioVersion = 10.0.40219.1
Project("{FAE04EC0-301F-11D3-BF4B-00C04F79EFBC}") = "FileChanger", "FileChanger\FileChanger.csproj", "{B76FD97B-E9E5-4493-9DF3-01EDB313952E}"
EndProject
Global
	GlobalSection(SolutionConfigurationPlatforms) = preSolution
		Debug|Any CPU = Debug|Any CPU
		Release|Any CPU = Release|Any CPU
	EndGlobalSection
	GlobalSection(ProjectConfigurationPlatforms) = postSolution
		{B76FD97B-E9E5-4493-9DF3-01EDB313952E}.Debug|Any CPU.ActiveCfg = Debug|Any CPU
		{B76FD97B-E9E5-4493-9DF3-01EDB313952E}.Debug|Any CPU.Build.0 = Debug|Any CPU
		{B76FD97B-E9E5-4493-9DF3-01EDB313952E}.Release|Any CPU.ActiveCfg = Release|Any CPU
		{B76FD97B-E9E5-4493-9DF3-01EDB313952E}.Release|Any CPU.Build.0 = Release|Any CPU
	EndGlobalSection
	GlobalSection(SolutionProperties) = preSolution
		HideSolutionNode = FALSE
	EndGlobalSection
	GlobalSection(ExtensibilityGlobals) = postSolution
		SolutionGuid = {F877C1F0-A33B-433A-B3C7-9B055BCF8C49}
	EndGlobalSection
EndGlobal
